
Microsoft Visual Studio Solution File, Format Version 12.00
# Visual Studio Version 16
VisualStudioVersion = 16.0.31205.134
MinimumVisualStudioVersion = 10.0.40219.1
Project("{FAE04EC0-301F-11D3-BF4B-00C04F79EFBC}") = "RenataTeste", "RenataTeste\RenataTeste.csproj", "{9082A723-B546-4F62-A760-27690A8A2CC3}"
EndProject
Global
	GlobalSection(SolutionConfigurationPlatforms) = preSolution
		Debug|Any CPU = Debug|Any CPU
		Release|Any CPU = Release|Any CPU
	EndGlobalSection
	GlobalSection(ProjectConfigurationPlatforms) = postSolution
		{9082A723-B546-4F62-A760-27690A8A2CC3}.Debug|Any CPU.ActiveCfg = Debug|Any CPU
		{9082A723-B546-4F62-A760-27690A8A2CC3}.Debug|Any CPU.Build.0 = Debug|Any CPU
		{9082A723-B546-4F62-A760-27690A8A2CC3}.Release|Any CPU.ActiveCfg = Release|Any CPU
		{9082A723-B546-4F62-A760-27690A8A2CC3}.Release|Any CPU.Build.0 = Release|Any CPU
	EndGlobalSection
	GlobalSection(SolutionProperties) = preSolution
		HideSolutionNode = FALSE
	EndGlobalSection
	GlobalSection(ExtensibilityGlobals) = postSolution
		SolutionGuid = {BCD87538-4ABC-4DF9-8C73-E5047448A3D4}
	EndGlobalSection
EndGlobal
